<Project xmlns="http://schemas.microsoft.com/developer/msbuild/2003">
    <PropertyGroup>
        <ProjectGuid>{f2468b72-56e8-411b-8e81-b8d2cfa3e89b}</ProjectGuid>
        <ProjectVersion>20.2</ProjectVersion>
        <FrameworkType>VCL</FrameworkType>
        <Base>True</Base>
        <Config Condition="'$(Config)'==''">Debug</Config>
        <Platform Condition="'$(Platform)'==''">Win64</Platform>
        <ProjectName Condition="'$(ProjectName)'==''">StyledComponentsDemo</ProjectName>
        <TargetedPlatforms>3</TargetedPlatforms>
        <AppType>Application</AppType>
        <MainSource>StyledComponentsDemo.dpr</MainSource>
    </PropertyGroup>
    <PropertyGroup Condition="'$(Config)'=='Base' or '$(Base)'!=''">
        <Base>true</Base>
    </PropertyGroup>
    <PropertyGroup Condition="('$(Platform)'=='Win32' and '$(Base)'=='true') or '$(Base_Win32)'!=''">
        <Base_Win32>true</Base_Win32>
        <CfgParent>Base</CfgParent>
        <Base>true</Base>
    </PropertyGroup>
    <PropertyGroup Condition="('$(Platform)'=='Win64' and '$(Base)'=='true') or '$(Base_Win64)'!=''">
        <Base_Win64>true</Base_Win64>
        <CfgParent>Base</CfgParent>
        <Base>true</Base>
    </PropertyGroup>
    <PropertyGroup Condition="'$(Config)'=='Debug' or '$(Cfg_1)'!=''">
        <Cfg_1>true</Cfg_1>
        <CfgParent>Base</CfgParent>
        <Base>true</Base>
    </PropertyGroup>
    <PropertyGroup Condition="'$(Config)'=='Release' or '$(Cfg_2)'!=''">
        <Cfg_2>true</Cfg_2>
        <CfgParent>Base</CfgParent>
        <Base>true</Base>
    </PropertyGroup>
    <PropertyGroup Condition="'$(Base)'!=''">
        <DCC_DcuOutput>..\Dcu\D11\$(Platform)</DCC_DcuOutput>
        <DCC_E>false</DCC_E>
        <DCC_N>false</DCC_N>
        <DCC_S>false</DCC_S>
        <DCC_F>false</DCC_F>
        <DCC_K>false</DCC_K>
        <VerInfo_Locale>1033</VerInfo_Locale>
        <SanitizedProjectName>StyledComponentsDemo</SanitizedProjectName>
        <DCC_ExeOutput>..\Bin\$(Platform)</DCC_ExeOutput>
        <VerInfo_Keys>CompanyName=Ethea S.r.l.;FileDescription=Styled Components Demo;FileVersion=1.0.0.0;InternalName=;LegalCopyright=Copyright Ethea S.r.l.;LegalTrademarks=;OriginalFilename=;ProgramID=;ProductName=;ProductVersion=1.0;Comments=</VerInfo_Keys>
        <DCC_UnitSearchPath>..\..\source;..\source;..\..\packages;$(DCC_UnitSearchPath)</DCC_UnitSearchPath>
        <Custom_Styles>&quot;Aqua Light Slate|VCLSTYLE|$(BDSCOMMONDIR)\Styles\AquaLightSlate.vsf&quot;;Glow|VCLSTYLE|$(BDSCOMMONDIR)\Styles\Glow.vsf;&quot;Iceberg Classico|VCLSTYLE|$(BDSCOMMONDIR)\Styles\IcebergClassico.vsf&quot;;&quot;Lavender Classico|VCLSTYLE|$(BDSCOMMONDIR)\Styles\LavenderClassico.vsf&quot;;Sky|VCLSTYLE|$(BDSCOMMONDIR)\Styles\Sky.vsf;&quot;Slate Classico|VCLSTYLE|$(BDSCOMMONDIR)\Styles\SlateClassico.vsf&quot;;&quot;Tablet Dark|VCLSTYLE|$(BDSCOMMONDIR)\Styles\TabletDark.vsf&quot;;&quot;Tablet Light|VCLSTYLE|$(BDSCOMMONDIR)\Styles\TabletLight.vsf&quot;;Windows10|VCLSTYLE|$(BDSCOMMONDIR)\Styles\Windows10.vsf;&quot;Windows10 Blue|VCLSTYLE|$(BDSCOMMONDIR)\Styles\Windows10Blue.vsf&quot;;&quot;Windows10 Dark|VCLSTYLE|$(BDSCOMMONDIR)\Styles\Windows10Dark.vsf&quot;;&quot;Windows10 Green|VCLSTYLE|$(BDSCOMMONDIR)\Styles\Windows10Green.vsf&quot;;&quot;Windows10 Purple|VCLSTYLE|$(BDSCOMMONDIR)\Styles\Windows10Purple.vsf&quot;;&quot;Windows10 SlateGray|VCLSTYLE|$(BDSCOMMONDIR)\Styles\Windows10SlateGray.vsf&quot;;&quot;Windows11 MineShaft|VCLSTYLE|$(BDSCOMMONDIR)\Styles\Windows11_MineShaft.vsf&quot;;&quot;Windows11 Modern Dark|VCLSTYLE|$(BDSCOMMONDIR)\Styles\Windows11_Modern_Dark.vsf&quot;;&quot;Windows11 Modern Light|VCLSTYLE|$(BDSCOMMONDIR)\Styles\Windows11_Modern_Light.vsf&quot;;&quot;Windows11 Polar Dark|VCLSTYLE|$(BDSCOMMONDIR)\Styles\Windows11_Polar_Dark.vsf&quot;;&quot;Windows11 Polar Light|VCLSTYLE|$(BDSCOMMONDIR)\Styles\Windows11_Polar_Light.vsf&quot;;&quot;Windows11 White Smoke|VCLSTYLE|$(BDSCOMMONDIR)\Styles\Windows11_WhiteSmoke.vsf&quot;;Amakrits|VCLSTYLE|$(BDSCOMMONDIR)\Styles\Amakrits.vsf;&quot;Amethyst Kamri|VCLSTYLE|$(BDSCOMMONDIR)\Styles\AmethystKamri.vsf&quot;;&quot;Aqua Graphite|VCLSTYLE|$(BDSCOMMONDIR)\Styles\AquaGraphite.vsf&quot;;Auric|VCLSTYLE|$(BDSCOMMONDIR)\Styles\Auric.vsf;Carbon|VCLSTYLE|$(BDSCOMMONDIR)\Styles\Carbon.vsf;&quot;Charcoal Dark Slate|VCLSTYLE|$(BDSCOMMONDIR)\Styles\CharcoalDarkSlate.vsf&quot;;&quot;Cobalt XEMedia|VCLSTYLE|$(BDSCOMMONDIR)\Styles\CobaltXEMedia.vsf&quot;;Copper|VCLSTYLE|$(BDSCOMMONDIR)\Styles\Copper.vsf;CopperDark|VCLSTYLE|$(BDSCOMMONDIR)\Styles\CopperDark.vsf;Coral|VCLSTYLE|$(BDSCOMMONDIR)\Styles\Coral.vsf;&quot;Cyan Dusk|VCLSTYLE|$(BDSCOMMONDIR)\Styles\CyanDusk.vsf&quot;;&quot;Cyan Night|VCLSTYLE|$(BDSCOMMONDIR)\Styles\CyanNight.vsf&quot;;Diamond|VCLSTYLE|$(BDSCOMMONDIR)\Styles\Diamond.vsf;Emerald|VCLSTYLE|$(BDSCOMMONDIR)\Styles\Emerald.vsf;&quot;Emerald Light Slate|VCLSTYLE|$(BDSCOMMONDIR)\Styles\EmeraldLightSlate.vsf&quot;;&quot;Golden Graphite|VCLSTYLE|$(BDSCOMMONDIR)\Styles\GoldenGraphite.vsf&quot;;Jet|VCLSTYLE|$(BDSCOMMONDIR)\Styles\Jet.vsf;Light|VCLSTYLE|$(BDSCOMMONDIR)\Styles\Light.vsf;Luna|VCLSTYLE|$(BDSCOMMONDIR)\Styles\Luna.vsf;Obsidian|VCLSTYLE|$(BDSCOMMONDIR)\Styles\Obsidian.vsf;&quot;Onyx Blue|VCLSTYLE|$(BDSCOMMONDIR)\Styles\OnyxBlue.vsf&quot;;Radiant|VCLSTYLE|$(BDSCOMMONDIR)\Styles\Radiant.vsf;&quot;Ruby Graphite|VCLSTYLE|$(BDSCOMMONDIR)\Styles\RubyGraphite.vsf&quot;;&quot;Sapphire Kamri|VCLSTYLE|$(BDSCOMMONDIR)\Styles\SapphireKamri.vsf&quot;;Silver|VCLSTYLE|$(BDSCOMMONDIR)\Styles\Silver.vsf;&quot;Smokey Quartz Kamri|VCLSTYLE|$(BDSCOMMONDIR)\Styles\SmokeyQuartzKamri.vsf&quot;;Sterling|VCLSTYLE|$(BDSCOMMONDIR)\Styles\Sterling.vsf;&quot;Turquoise Gray|VCLSTYLE|$(BDSCOMMONDIR)\Styles\TurquoiseGray.vsf&quot;;Vapor|VCLSTYLE|$(BDSCOMMONDIR)\Styles\Vapor.vsf;Calypso|VCLSTYLE|$(BDSCOMMONDIR)\Styles\Calypso.vsf;&quot;Calypso LE|VCLSTYLE|$(BDSCOMMONDIR)\Styles\CalypsoLE.vsf&quot;;&quot;Calypso SE|VCLSTYLE|$(BDSCOMMONDIR)\Styles\CalypsoSE.vsf&quot;;&quot;Calypso SLE|VCLSTYLE|$(BDSCOMMONDIR)\Styles\CalypsoSLE.vsf&quot;;&quot;Flat UI Light|VCLSTYLE|$(BDSCOMMONDIR)\Styles\FlatUILight.vsf&quot;;Glossy|VCLSTYLE|$(BDSCOMMONDIR)\Styles\Glossy.vsf;&quot;Lucky Point|VCLSTYLE|$(BDSCOMMONDIR)\Styles\LuckyPoint.vsf&quot;;&quot;Material Oxford Blue|VCLSTYLE|$(BDSCOMMONDIR)\Styles\MaterialOxfordBlue.vsf&quot;;&quot;Material Oxford Blue SE|VCLSTYLE|$(BDSCOMMONDIR)\Styles\MaterialOxfordBlueSE.vsf&quot;;&quot;Material Pattens Blue|VCLSTYLE|$(BDSCOMMONDIR)\Styles\MaterialPattensBlue.vsf&quot;;&quot;Puerto Rico|VCLSTYLE|$(BDSCOMMONDIR)\Styles\PuertoRico.vsf&quot;;Stellar|VCLSTYLE|$(BDSCOMMONDIR)\Styles\Stellar.vsf;&quot;Stellar Dark|VCLSTYLE|$(BDSCOMMONDIR)\Styles\StellarDark.vsf&quot;;&quot;Wedgewood Light|VCLSTYLE|$(BDSCOMMONDIR)\Styles\WedgewoodLight.vsf&quot;;&quot;Windows10 BlackPearl|VCLSTYLE|$(BDSCOMMONDIR)\Styles\Windows10BlackPearl.vsf&quot;;&quot;Windows10 Blue Whale|VCLSTYLE|$(BDSCOMMONDIR)\Styles\Windows10BlueWhale.vsf&quot;;&quot;Windows10 Blue Whale LE|VCLSTYLE|$(BDSCOMMONDIR)\Styles\Windows10BlueWhaleLE.vsf&quot;;&quot;Windows10 Clear Day|VCLSTYLE|$(BDSCOMMONDIR)\Styles\Windows10ClearDay.vsf&quot;;&quot;Windows10 Malibu|VCLSTYLE|$(BDSCOMMONDIR)\Styles\Windows10Malibu.vsf&quot;;Zircon|VCLSTYLE|$(BDSCOMMONDIR)\Styles\Zircon.vsf;&quot;Zircon SE|VCLSTYLE|$(BDSCOMMONDIR)\Styles\ZirconSE.vsf&quot;</Custom_Styles>
        <DCC_Define>UseStyledCompEditorsAtRunTime;$(DCC_Define)</DCC_Define>
        <VerInfo_IncludeVerInfo>true</VerInfo_IncludeVerInfo>
        <DCC_IntegerOverflowCheck>true</DCC_IntegerOverflowCheck>
        <DCC_RangeChecking>true</DCC_RangeChecking>
    </PropertyGroup>
    <PropertyGroup Condition="'$(Base_Win32)'!=''">
        <BT_BuildType>Debug</BT_BuildType>
        <Manifest_File>$(BDS)\bin\default_app.manifest</Manifest_File>
        <Icon_MainIcon>..\source\StyledButton.ico</Icon_MainIcon>
        <AppDPIAwarenessMode>PerMonitorV2</AppDPIAwarenessMode>
        <AppEnableRuntimeThemes>true</AppEnableRuntimeThemes>
    </PropertyGroup>
    <PropertyGroup Condition="'$(Base_Win64)'!=''">
        <BT_BuildType>Debug</BT_BuildType>
        <Manifest_File>$(BDS)\bin\default_app.manifest</Manifest_File>
        <Icon_MainIcon>..\source\StyledButton.ico</Icon_MainIcon>
        <AppDPIAwarenessMode>PerMonitorV2</AppDPIAwarenessMode>
        <AppEnableRuntimeThemes>true</AppEnableRuntimeThemes>
    </PropertyGroup>
    <PropertyGroup Condition="'$(Cfg_1)'!=''">
        <DCC_Define>DEBUG;$(DCC_Define)</DCC_Define>
        <DCC_DebugDCUs>true</DCC_DebugDCUs>
        <DCC_Optimize>false</DCC_Optimize>
        <DCC_GenerateStackFrames>true</DCC_GenerateStackFrames>
        <DCC_DebugInfoInExe>true</DCC_DebugInfoInExe>
    </PropertyGroup>
    <PropertyGroup Condition="'$(Cfg_2)'!=''">
        <DCC_LocalDebugSymbols>false</DCC_LocalDebugSymbols>
        <DCC_Define>RELEASE;$(DCC_Define)</DCC_Define>
        <DCC_SymbolReferenceInfo>0</DCC_SymbolReferenceInfo>
        <DCC_DebugInformation>0</DCC_DebugInformation>
    </PropertyGroup>
    <ItemGroup>
        <DelphiCompile Include="$(MainSource)">
            <MainSource>MainSource</MainSource>
        </DelphiCompile>
        <DCCReference Include="..\source\uSettings.pas"/>
        <DCCReference Include="..\source\MainDemoForm.pas">
            <Form>frmMain</Form>
        </DCCReference>
        <DCCReference Include="..\source\DResources.pas">
            <Form>dmResources</Form>
            <DesignClass>TDataModule</DesignClass>
        </DCCReference>
        <DCCReference Include="..\source\DemoWelcomeForm.pas">
            <Form>WelcomeForm</Form>
        </DCCReference>
        <DCCReference Include="..\source\FAboutForm.pas">
            <Form>fmAbout</Form>
        </DCCReference>
        <DCCReference Include="..\source\AutoClickForm.pas">
            <Form>fmAutoClick</Form>
        </DCCReference>
        <DCCReference Include="..\source\BitBtnForm.pas">
            <Form>fmBitBtn</Form>
        </DCCReference>
        <DCCReference Include="..\source\ControlListForm.pas">
            <Form>fmControlList</Form>
        </DCCReference>
        <DCCReference Include="..\source\RoundedCornersForm.pas">
            <Form>fmRoundedCorners</Form>
        </DCCReference>
        <DCCReference Include="..\source\StyledButtonGroupForm.pas">
            <Form>fmStyledButtonGroup</Form>
        </DCCReference>
        <DCCReference Include="..\source\StyledButtonsForm.pas">
            <Form>fmStyledButtons</Form>
        </DCCReference>
        <DCCReference Include="..\source\StyledButtonVCLStylesForm.pas">
            <Form>fmStyledButtonVCLStyles</Form>
        </DCCReference>
        <DCCReference Include="..\source\StyledCategoryButtonsForm.pas">
            <Form>fmStyledCategoryButtons</Form>
        </DCCReference>
        <DCCReference Include="..\source\StyledDbNavigatorForm.pas">
            <Form>fmStyledDbNavigator</Form>
        </DCCReference>
        <DCCReference Include="..\source\StyledDialogDemoForm.pas">
            <Form>fmStyledTaskDialog</Form>
        </DCCReference>
        <DCCReference Include="..\source\StyledToolbarForm.pas">
            <Form>fmStyledToolbar</Form>
        </DCCReference>
        <BuildConfiguration Include="Base">
            <Key>Base</Key>
        </BuildConfiguration>
        <BuildConfiguration Include="Debug">
            <Key>Cfg_1</Key>
            <CfgParent>Base</CfgParent>
        </BuildConfiguration>
        <BuildConfiguration Include="Release">
            <Key>Cfg_2</Key>
            <CfgParent>Base</CfgParent>
        </BuildConfiguration>
    </ItemGroup>
    <ProjectExtensions>
        <Borland.Personality>Delphi.Personality.12</Borland.Personality>
        <Borland.ProjectType>Application</Borland.ProjectType>
        <BorlandProject>
            <Delphi.Personality>
                <Source>
                    <Source Name="MainSource">StyledComponentsDemo.dpr</Source>
                </Source>
                <Excluded_Packages/>
            </Delphi.Personality>
            <Platforms>
                <Platform value="Win32">True</Platform>
                <Platform value="Win64">True</Platform>
            </Platforms>
        </BorlandProject>
        <ProjectFileVersion>12</ProjectFileVersion>
    </ProjectExtensions>
    <Import Project="$(BDS)\Bin\CodeGear.Delphi.Targets" Condition="Exists('$(BDS)\Bin\CodeGear.Delphi.Targets')"/>
    <Import Project="$(APPDATA)\Embarcadero\$(BDSAPPDATABASEDIR)\$(PRODUCTVERSION)\UserTools.proj" Condition="Exists('$(APPDATA)\Embarcadero\$(BDSAPPDATABASEDIR)\$(PRODUCTVERSION)\UserTools.proj')"/>
</Project>
