<Project xmlns="http://schemas.microsoft.com/developer/msbuild/2003">
    <PropertyGroup>
        <ProjectGuid>{74DFA580-4359-4BD0-A3F2-8BBD8C4A963C}</ProjectGuid>
        <ProjectVersion>20.1</ProjectVersion>
        <FrameworkType>VCL</FrameworkType>
        <Base>True</Base>
        <Config Condition="'$(Config)'==''">Debug</Config>
        <Platform Condition="'$(Platform)'==''">Win32</Platform>
        <TargetedPlatforms>1</TargetedPlatforms>
        <AppType>Application</AppType>
        <MainSource>AnimatedButtonsTest.dpr</MainSource>
    </PropertyGroup>
    <PropertyGroup Condition="'$(Config)'=='Base' or '$(Base)'!=''">
        <Base>true</Base>
    </PropertyGroup>
    <PropertyGroup Condition="('$(Platform)'=='Win32' and '$(Base)'=='true') or '$(Base_Win32)'!=''">
        <Base_Win32>true</Base_Win32>
        <CfgParent>Base</CfgParent>
        <Base>true</Base>
    </PropertyGroup>
    <PropertyGroup Condition="('$(Platform)'=='Win64' and '$(Base)'=='true') or '$(Base_Win64)'!=''">
        <Base_Win64>true</Base_Win64>
        <CfgParent>Base</CfgParent>
        <Base>true</Base>
    </PropertyGroup>
    <PropertyGroup Condition="'$(Config)'=='Debug' or '$(Cfg_1)'!=''">
        <Cfg_1>true</Cfg_1>
        <CfgParent>Base</CfgParent>
        <Base>true</Base>
    </PropertyGroup>
    <PropertyGroup Condition="('$(Platform)'=='Win32' and '$(Cfg_1)'=='true') or '$(Cfg_1_Win32)'!=''">
        <Cfg_1_Win32>true</Cfg_1_Win32>
        <CfgParent>Cfg_1</CfgParent>
        <Cfg_1>true</Cfg_1>
        <Base>true</Base>
    </PropertyGroup>
    <PropertyGroup Condition="'$(Config)'=='Release' or '$(Cfg_2)'!=''">
        <Cfg_2>true</Cfg_2>
        <CfgParent>Base</CfgParent>
        <Base>true</Base>
    </PropertyGroup>
    <PropertyGroup Condition="('$(Platform)'=='Win32' and '$(Cfg_2)'=='true') or '$(Cfg_2_Win32)'!=''">
        <Cfg_2_Win32>true</Cfg_2_Win32>
        <CfgParent>Cfg_2</CfgParent>
        <Cfg_2>true</Cfg_2>
        <Base>true</Base>
    </PropertyGroup>
    <PropertyGroup Condition="'$(Base)'!=''">
        <DCC_DcuOutput>.\$(Platform)\$(Config)</DCC_DcuOutput>
        <DCC_ExeOutput>..\Bin\$(Platform)</DCC_ExeOutput>
        <DCC_E>false</DCC_E>
        <DCC_N>false</DCC_N>
        <DCC_S>false</DCC_S>
        <DCC_F>false</DCC_F>
        <DCC_K>false</DCC_K>
        <DCC_Namespace>System;Xml;Data;Datasnap;Web;Soap;Vcl;Vcl.Imaging;Vcl.Touch;Vcl.Samples;Vcl.Shell;$(DCC_Namespace)</DCC_Namespace>
        <Icon_MainIcon>$(BDS)\bin\delphi_PROJECTICON.ico</Icon_MainIcon>
        <UWP_DelphiLogo44>$(BDS)\bin\Artwork\Windows\UWP\delphi_UwpDefault_44.png</UWP_DelphiLogo44>
        <UWP_DelphiLogo150>$(BDS)\bin\Artwork\Windows\UWP\delphi_UwpDefault_150.png</UWP_DelphiLogo150>
        <SanitizedProjectName>AnimatedButtonsTest</SanitizedProjectName>
        <DCC_UnitSearchPath>..\..\..\Source;$(DCC_UnitSearchPath)</DCC_UnitSearchPath>
        <VerInfo_Locale>1040</VerInfo_Locale>
        <VerInfo_Keys>CompanyName=;FileDescription=$(MSBuildProjectName);FileVersion=1.0.0.0;InternalName=;LegalCopyright=;LegalTrademarks=;OriginalFilename=;ProgramID=com.embarcadero.$(MSBuildProjectName);ProductName=$(MSBuildProjectName);ProductVersion=1.0.0.0;Comments=</VerInfo_Keys>
        <Custom_Styles>Windows10|VCLSTYLE|$(BDSCOMMONDIR)\Styles\Windows10.vsf;&quot;Windows10 SlateGray|VCLSTYLE|$(BDSCOMMONDIR)\Styles\Windows10SlateGray.vsf&quot;</Custom_Styles>
    </PropertyGroup>
    <PropertyGroup Condition="'$(Base_Win32)'!=''">
        <DCC_UsePackage>FireDACIBDriver;vclwinx;DataSnapServer;bdertl;fmx;vclie;DbxCommonDriver;bindengine;IndyIPCommon;VCLRESTComponents;DBXMSSQLDriver;FireDACCommonODBC;emsclient;SynEdit_R11;ChromeTabs_R;appanalytics;IndyProtocols;vclx;FrameViewer11;Skia.Package.RTL;dbxcds;vcledge;FmxTeeUI;InstantBDExpress;FlexCel_Pdf;StageComponents;DBXFirebirdDriver;IOADO_4;SKIA_FlexCel_Core;FireDACSqliteDriver;DbxClientDriver;soapmidas;TeeUI;dbexpress;dclRBDBE2128;inet;vcltouch;IOCore_4;FireDACDBXDriver;Zint_Barcode_Generator;fmxdae;VCL_FlexCel_Core;CustomIPTransport;FireDACMSSQLDriver;rbDAD2128;EspaceEuroComponents;madExcept_;IOFireDAC_4;IndySystem;ISOpenOffice7_7;SkiaIconImageListFMX;MarkDownViewer;ibxbindings;VirtualTreesR;GLScene_GPU_RT;acCriteriaBuilderDsgnD28;rbRAP2128;vclFireDAC;madDisAsm_;FlexCel_Render;FireDACCommon;DataSnapServerMidas;FireDACODBCDriver;emsserverresource;rbDIDE2128;bindcompdbx;rtl;FireDACMySQLDriver;dclRBIBE2128;VCL_FlexCel_Components;CardTablePackage;rbUSERDesign2128;DBXSqliteDriver;rbRest2128;DBXSybaseASEDriver;rbTCUI2128;acSqlTextEditorD28;GLScene_Sounds_RT;vclimg;DataSnapFireDAC;inetdbxpress;FireDAC;rbUSER2128;xmlrtl;ibxpress;madShell_;dsnap;QR506RunDXE11;FireDACDb2Driver;DBXOracleDriver;DBXInformixDriver;vclib;fmxobj;bindcompvclsmp;DataSnapNativeClient;ComponentiCorsoDelphi;SVGIconImageList;vcldbx;DatasnapConnectorsFreePascal;GLScene_RT;SkiaIconImageListVcl;rbIDE2128;FlexCel_Report;rbTC2128;dclRBADO2128;emshosting;ISRtl7_7;rbBDE2128;FireDACCommonDriver;acQueryBuilderDsgnFireDACD28;rbRIDE2128;IndyIPClient;rbCIDE2128;bindcompvclwinx;dclRBE2128;emsedge;bindcompfmx;Skia4DelphiExtensions;madBasic_;inetdb;ibmonitor;rbFireDAC2128;FireDACASADriver;Tee;SVGIconImageListFMX;vclactnband;fmxFireDAC;acCriteriaBuilderD28;FireDACInfxDriver;DelphiGoogleMap;DBXMySQLDriver;DBAwareLabeledComponents;VclSmp;DataSnapCommon;fmxase;DBXOdbcDriver;dbrtl;FireDACOracleDriver;Skia.Package.FMX;ComPortDrv;TeeDB;FlexCel_XlsAdapter;FireDACMSAccDriver;rbRCL2128;DataSnapIndy10ServerTransport;DataSnapConnectors;vclshlctrls;vcldsnap;DBXInterBaseDriver;FireDACMongoDBDriver;IOXML_4;IOIBX_4;FireDACTDataDriver;Skia.Package.VCL;vcldb;acQueryBuilderD28;IconFontsImageList;FlexCel_Core;StyledComponents;rbIBE2128;bindcomp;GLScene_Physics_RT;rbDBE2128;IndyCore;RESTBackendComponents;rbDB2128;rbCloudSC2128;FireDACADSDriver;acQueryBuilderDsgnD28;RaizeComponentsVclDb;RESTComponents;IndyIPServer;vcl;dsnapxml;adortl;dsnapcon;DataSnapClient;DataSnapProviderClient;acQueryBuilderFireDACD28;DBXDb2Driver;acSqlTextEditorDsgnD28;rbADO2128;AXWWRITER_VCL_DDX11;emsclientfiredac;FireDACPgDriver;FireDACDSDriver;tethering;IOJSON_4;bindcompvcl;rbRTL2128;IODBX_4;CloudService;DBXSybaseASADriver;IconFontsImageListFMX;dclRBFireDAC2128;FMXTee;soaprtl;GLScene_Cg_RT;RaizeComponentsVcl;soapserver;$(DCC_UsePackage)</DCC_UsePackage>
        <DCC_Namespace>Winapi;System.Win;Data.Win;Datasnap.Win;Web.Win;Soap.Win;Xml.Win;Bde;$(DCC_Namespace)</DCC_Namespace>
        <BT_BuildType>Debug</BT_BuildType>
        <VerInfo_IncludeVerInfo>true</VerInfo_IncludeVerInfo>
        <VerInfo_Locale>1033</VerInfo_Locale>
        <Icon_MainIcon>..\Animated_Button.ico</Icon_MainIcon>
        <Manifest_File>$(BDS)\bin\default_app.manifest</Manifest_File>
        <AppDPIAwarenessMode>PerMonitorV2</AppDPIAwarenessMode>
        <AppEnableRuntimeThemes>true</AppEnableRuntimeThemes>
    </PropertyGroup>
    <PropertyGroup Condition="'$(Base_Win64)'!=''">
        <DCC_UsePackage>FireDACIBDriver;vclwinx;DataSnapServer;fmx;vclie;DbxCommonDriver;bindengine;IndyIPCommon;VCLRESTComponents;DBXMSSQLDriver;FireDACCommonODBC;emsclient;appanalytics;IndyProtocols;vclx;FrameViewer11;Skia.Package.RTL;dbxcds;vcledge;FmxTeeUI;InstantBDExpress;FlexCel_Pdf;DBXFirebirdDriver;FireDACSqliteDriver;DbxClientDriver;soapmidas;TeeUI;dbexpress;inet;vcltouch;FireDACDBXDriver;fmxdae;VCL_FlexCel_Core;CustomIPTransport;FireDACMSSQLDriver;madExcept_;IndySystem;SkiaIconImageListFMX;MarkDownViewer;ibxbindings;VirtualTreesR;acCriteriaBuilderDsgnD28;vclFireDAC;madDisAsm_;FlexCel_Render;FireDACCommon;DataSnapServerMidas;FireDACODBCDriver;emsserverresource;bindcompdbx;rtl;FireDACMySQLDriver;VCL_FlexCel_Components;CardTablePackage;DBXSqliteDriver;DBXSybaseASEDriver;acSqlTextEditorD28;vclimg;DataSnapFireDAC;inetdbxpress;FireDAC;xmlrtl;ibxpress;dsnap;FireDACDb2Driver;DBXOracleDriver;DBXInformixDriver;vclib;fmxobj;bindcompvclsmp;DataSnapNativeClient;SVGIconImageList;DatasnapConnectorsFreePascal;SkiaIconImageListVcl;FlexCel_Report;emshosting;FireDACCommonDriver;acQueryBuilderDsgnFireDACD28;IndyIPClient;bindcompvclwinx;emsedge;bindcompfmx;Skia4DelphiExtensions;madBasic_;inetdb;ibmonitor;FireDACASADriver;Tee;SVGIconImageListFMX;vclactnband;fmxFireDAC;acCriteriaBuilderD28;FireDACInfxDriver;DelphiGoogleMap;DBXMySQLDriver;VclSmp;DataSnapCommon;fmxase;DBXOdbcDriver;dbrtl;FireDACOracleDriver;Skia.Package.FMX;ComPortDrv;TeeDB;FlexCel_XlsAdapter;FireDACMSAccDriver;DataSnapIndy10ServerTransport;DataSnapConnectors;vclshlctrls;vcldsnap;DBXInterBaseDriver;FireDACMongoDBDriver;FireDACTDataDriver;Skia.Package.VCL;vcldb;acQueryBuilderD28;FlexCel_Core;StyledComponents;bindcomp;IndyCore;RESTBackendComponents;FireDACADSDriver;acQueryBuilderDsgnD28;RaizeComponentsVclDb;RESTComponents;IndyIPServer;vcl;dsnapxml;adortl;dsnapcon;DataSnapClient;DataSnapProviderClient;acQueryBuilderFireDACD28;DBXDb2Driver;acSqlTextEditorDsgnD28;emsclientfiredac;FireDACPgDriver;FireDACDSDriver;tethering;bindcompvcl;CloudService;DBXSybaseASADriver;FMXTee;soaprtl;RaizeComponentsVcl;soapserver;$(DCC_UsePackage)</DCC_UsePackage>
    </PropertyGroup>
    <PropertyGroup Condition="'$(Cfg_1)'!=''">
        <DCC_Define>DEBUG;$(DCC_Define)</DCC_Define>
        <DCC_DebugDCUs>true</DCC_DebugDCUs>
        <DCC_Optimize>false</DCC_Optimize>
        <DCC_GenerateStackFrames>true</DCC_GenerateStackFrames>
        <DCC_DebugInfoInExe>true</DCC_DebugInfoInExe>
        <DCC_RemoteDebug>true</DCC_RemoteDebug>
        <DCC_IntegerOverflowCheck>true</DCC_IntegerOverflowCheck>
        <DCC_RangeChecking>true</DCC_RangeChecking>
    </PropertyGroup>
    <PropertyGroup Condition="'$(Cfg_1_Win32)'!=''">
        <DCC_RemoteDebug>false</DCC_RemoteDebug>
        <VerInfo_IncludeVerInfo>true</VerInfo_IncludeVerInfo>
        <VerInfo_Locale>1033</VerInfo_Locale>
        <Icon_MainIcon>..\Animated_Button.ico</Icon_MainIcon>
        <AppEnableRuntimeThemes>true</AppEnableRuntimeThemes>
    </PropertyGroup>
    <PropertyGroup Condition="'$(Cfg_2)'!=''">
        <DCC_LocalDebugSymbols>false</DCC_LocalDebugSymbols>
        <DCC_Define>RELEASE;$(DCC_Define)</DCC_Define>
        <DCC_SymbolReferenceInfo>0</DCC_SymbolReferenceInfo>
        <DCC_DebugInformation>0</DCC_DebugInformation>
    </PropertyGroup>
    <PropertyGroup Condition="'$(Cfg_2_Win32)'!=''">
        <VerInfo_IncludeVerInfo>true</VerInfo_IncludeVerInfo>
        <VerInfo_Locale>1033</VerInfo_Locale>
        <Icon_MainIcon>..\Animated_Button.ico</Icon_MainIcon>
        <AppEnableRuntimeThemes>true</AppEnableRuntimeThemes>
    </PropertyGroup>
    <ItemGroup>
        <DelphiCompile Include="$(MainSource)">
            <MainSource>MainSource</MainSource>
        </DelphiCompile>
        <DCCReference Include="..\MainAnimatedButtonsForm.pas">
            <Form>TestForm</Form>
            <FormType>dfm</FormType>
        </DCCReference>
        <DCCReference Include="..\..\..\source\Skia.Vcl.StyledTaskDialogAnimatedUnit.pas"/>
        <BuildConfiguration Include="Release">
            <Key>Cfg_2</Key>
            <CfgParent>Base</CfgParent>
        </BuildConfiguration>
        <BuildConfiguration Include="Base">
            <Key>Base</Key>
        </BuildConfiguration>
        <BuildConfiguration Include="Debug">
            <Key>Cfg_1</Key>
            <CfgParent>Base</CfgParent>
        </BuildConfiguration>
    </ItemGroup>
    <ProjectExtensions>
        <Borland.Personality>Delphi.Personality.12</Borland.Personality>
        <Borland.ProjectType>Application</Borland.ProjectType>
        <BorlandProject>
            <Delphi.Personality>
                <Source>
                    <Source Name="MainSource">AnimatedButtonsTest.dpr</Source>
                </Source>
                <Excluded_Packages>
                </Excluded_Packages>
            </Delphi.Personality>
            <Platforms>
                <Platform value="Win32">True</Platform>
                <Platform value="Win64">False</Platform>
            </Platforms>
        </BorlandProject>
        <ProjectFileVersion>12</ProjectFileVersion>
    </ProjectExtensions>
    <Import Project="$(BDS)\Bin\CodeGear.Delphi.Targets" Condition="Exists('$(BDS)\Bin\CodeGear.Delphi.Targets')"/>
    <Import Project="$(APPDATA)\Embarcadero\$(BDSAPPDATABASEDIR)\$(PRODUCTVERSION)\UserTools.proj" Condition="Exists('$(APPDATA)\Embarcadero\$(BDSAPPDATABASEDIR)\$(PRODUCTVERSION)\UserTools.proj')"/>
</Project>
