<Project xmlns="http://schemas.microsoft.com/developer/msbuild/2003">
    <PropertyGroup>
        <ProjectGuid>{6534c4ec-d733-492c-b3c4-bf9d2af377f1}</ProjectGuid>
        <ProjectVersion>20.2</ProjectVersion>
        <FrameworkType>VCL</FrameworkType>
        <Base>True</Base>
        <Config Condition="'$(Config)'==''">Debug</Config>
        <Platform Condition="'$(Platform)'==''">Win32</Platform>
        <ProjectName Condition="'$(ProjectName)'==''">StyledComponentsDemo</ProjectName>
        <TargetedPlatforms>3</TargetedPlatforms>
        <AppType>Application</AppType>
        <MainSource>StyledComponentsDemo.dpr</MainSource>
    </PropertyGroup>
    <PropertyGroup Condition="'$(Config)'=='Base' or '$(Base)'!=''">
        <Base>true</Base>
    </PropertyGroup>
    <PropertyGroup Condition="('$(Platform)'=='Win32' and '$(Base)'=='true') or '$(Base_Win32)'!=''">
        <Base_Win32>true</Base_Win32>
        <CfgParent>Base</CfgParent>
        <Base>true</Base>
    </PropertyGroup>
    <PropertyGroup Condition="('$(Platform)'=='Win64' and '$(Base)'=='true') or '$(Base_Win64)'!=''">
        <Base_Win64>true</Base_Win64>
        <CfgParent>Base</CfgParent>
        <Base>true</Base>
    </PropertyGroup>
    <PropertyGroup Condition="'$(Config)'=='Debug' or '$(Cfg_1)'!=''">
        <Cfg_1>true</Cfg_1>
        <CfgParent>Base</CfgParent>
        <Base>true</Base>
    </PropertyGroup>
    <PropertyGroup Condition="'$(Config)'=='Release' or '$(Cfg_2)'!=''">
        <Cfg_2>true</Cfg_2>
        <CfgParent>Base</CfgParent>
        <Base>true</Base>
    </PropertyGroup>
    <PropertyGroup Condition="'$(Base)'!=''">
        <VCL_Custom_Styles>Amakrits|VCLSTYLE|$(PUBLIC)\Documents\Embarcadero\Studio\14.0\Styles\Amakrits.vsf;&quot;Amethyst Kamri|VCLSTYLE|$(PUBLIC)\Documents\Embarcadero\Studio\14.0\Styles\AmethystKamri.vsf&quot;;&quot;Aqua Graphite|VCLSTYLE|$(PUBLIC)\Documents\Embarcadero\Studio\14.0\Styles\AquaGraphite.vsf&quot;;&quot;Aqua Light Slate|VCLSTYLE|$(PUBLIC)\Documents\Embarcadero\Studio\14.0\Styles\AquaLightSlate.vsf&quot;;Auric|VCLSTYLE|$(PUBLIC)\Documents\Embarcadero\Studio\14.0\Styles\Auric.vsf;Carbon|VCLSTYLE|$(PUBLIC)\Documents\Embarcadero\Studio\14.0\Styles\Carbon.vsf;&quot;Charcoal Dark Slate|VCLSTYLE|$(PUBLIC)\Documents\Embarcadero\Studio\14.0\Styles\CharcoalDarkSlate.vsf&quot;;&quot;Cobalt XEMedia|VCLSTYLE|$(PUBLIC)\Documents\Embarcadero\Studio\14.0\Styles\CobaltXEMedia.vsf&quot;;&quot;Cyan Dusk|VCLSTYLE|$(PUBLIC)\Documents\Embarcadero\Studio\14.0\Styles\CyanDusk.vsf&quot;;&quot;Cyan Night|VCLSTYLE|$(PUBLIC)\Documents\Embarcadero\Studio\14.0\Styles\CyanNight.vsf&quot;;&quot;Emerald Light Slate|VCLSTYLE|$(PUBLIC)\Documents\Embarcadero\Studio\14.0\Styles\EmeraldLightSlate.vsf&quot;;Glossy|VCLSTYLE|$(PUBLIC)\Documents\Embarcadero\Studio\14.0\Styles\Glossy.vsf;&quot;Golden Graphite|VCLSTYLE|$(PUBLIC)\Documents\Embarcadero\Studio\14.0\Styles\GoldenGraphite.vsf&quot;;&quot;Iceberg Classico|VCLSTYLE|$(PUBLIC)\Documents\Embarcadero\Studio\14.0\Styles\IcebergClassico.vsf&quot;;&quot;Lavender Classico|VCLSTYLE|$(PUBLIC)\Documents\Embarcadero\Studio\14.0\Styles\LavenderClassico.vsf&quot;;Light|VCLSTYLE|$(PUBLIC)\Documents\Embarcadero\Studio\14.0\Styles\Light.vsf;Luna|VCLSTYLE|$(PUBLIC)\Documents\Embarcadero\Studio\14.0\Styles\Luna.vsf;&quot;Metropolis UI Black|VCLSTYLE|$(PUBLIC)\Documents\Embarcadero\Studio\14.0\Styles\MetropolisUIBlack.vsf&quot;;&quot;Metropolis UI Blue|VCLSTYLE|$(PUBLIC)\Documents\Embarcadero\Studio\14.0\Styles\MetropolisUIBlue.vsf&quot;;&quot;Metropolis UI Dark|VCLSTYLE|$(PUBLIC)\Documents\Embarcadero\Studio\14.0\Styles\MetropolisUIDark.vsf&quot;;&quot;Metropolis UI Green|VCLSTYLE|$(PUBLIC)\Documents\Embarcadero\Studio\14.0\Styles\MetropolisUIGreen.vsf&quot;;Obsidian|VCLSTYLE|$(PUBLIC)\Documents\Embarcadero\Studio\14.0\Styles\Obsidian.vsf;&quot;Ruby Graphite|VCLSTYLE|$(PUBLIC)\Documents\Embarcadero\Studio\14.0\Styles\RubyGraphite.vsf&quot;;&quot;Sapphire Kamri|VCLSTYLE|$(PUBLIC)\Documents\Embarcadero\Studio\14.0\Styles\SapphireKamri.vsf&quot;;Silver|VCLSTYLE|$(PUBLIC)\Documents\Embarcadero\Studio\14.0\Styles\Silver.vsf;&quot;Slate Classico|VCLSTYLE|$(PUBLIC)\Documents\Embarcadero\Studio\14.0\Styles\SlateClassico.vsf&quot;;&quot;Smokey Quartz Kamri|VCLSTYLE|$(PUBLIC)\Documents\Embarcadero\Studio\14.0\Styles\SmokeyQuartzKamri.vsf&quot;;TabletDark|VCLSTYLE|$(PUBLIC)\Documents\Embarcadero\Studio\14.0\Styles\TabletDark.vsf;&quot;Turquoise Gray|VCLSTYLE|$(PUBLIC)\Documents\Embarcadero\Studio\14.0\Styles\TurquoiseGray.vsf&quot;</VCL_Custom_Styles>
        <DCC_DcuOutput>..\Dcu\DXE6\$(Platform)</DCC_DcuOutput>
        <DCC_E>false</DCC_E>
        <DCC_N>false</DCC_N>
        <DCC_S>false</DCC_S>
        <DCC_F>false</DCC_F>
        <DCC_K>false</DCC_K>
        <VerInfo_Locale>1033</VerInfo_Locale>
        <SanitizedProjectName>StyledComponentsDemo</SanitizedProjectName>
        <DCC_ExeOutput>..\Bin\$(Platform)</DCC_ExeOutput>
        <VerInfo_Keys>CompanyName=Ethea S.r.l.;FileDescription=Styled Components Demo;FileVersion=1.0.0.0;InternalName=;LegalCopyright=Copyright Ethea S.r.l.;LegalTrademarks=;OriginalFilename=;ProgramID=;ProductName=;ProductVersion=1.0;Comments=</VerInfo_Keys>
        <DCC_UnitSearchPath>..\..\source;..\source;..\..\packages;$(DCC_UnitSearchPath)</DCC_UnitSearchPath>
        <Custom_Styles>Amakrits|VCLSTYLE|$(BDSCOMMONDIR)\Styles\Amakrits.vsf;&quot;Amethyst Kamri|VCLSTYLE|$(BDSCOMMONDIR)\Styles\AmethystKamri.vsf&quot;;&quot;Aqua Graphite|VCLSTYLE|$(BDSCOMMONDIR)\Styles\AquaGraphite.vsf&quot;;&quot;Aqua Light Slate|VCLSTYLE|$(BDSCOMMONDIR)\Styles\AquaLightSlate.vsf&quot;;Auric|VCLSTYLE|$(BDSCOMMONDIR)\Styles\Auric.vsf;Carbon|VCLSTYLE|$(BDSCOMMONDIR)\Styles\Carbon.vsf;&quot;Charcoal Dark Slate|VCLSTYLE|$(BDSCOMMONDIR)\Styles\CharcoalDarkSlate.vsf&quot;;&quot;Cobalt XEMedia|VCLSTYLE|$(BDSCOMMONDIR)\Styles\CobaltXEMedia.vsf&quot;;&quot;Cyan Dusk|VCLSTYLE|$(BDSCOMMONDIR)\Styles\CyanDusk.vsf&quot;;&quot;Cyan Night|VCLSTYLE|$(BDSCOMMONDIR)\Styles\CyanNight.vsf&quot;;&quot;Emerald Light Slate|VCLSTYLE|$(BDSCOMMONDIR)\Styles\EmeraldLightSlate.vsf&quot;;Glossy|VCLSTYLE|$(BDSCOMMONDIR)\Styles\Glossy.vsf;Glow|VCLSTYLE|$(BDSCOMMONDIR)\Styles\Glow.vsf;&quot;Golden Graphite|VCLSTYLE|$(BDSCOMMONDIR)\Styles\GoldenGraphite.vsf&quot;;&quot;Iceberg Classico|VCLSTYLE|$(BDSCOMMONDIR)\Styles\IcebergClassico.vsf&quot;;&quot;Lavender Classico|VCLSTYLE|$(BDSCOMMONDIR)\Styles\LavenderClassico.vsf&quot;;Light|VCLSTYLE|$(BDSCOMMONDIR)\Styles\Light.vsf;Luna|VCLSTYLE|$(BDSCOMMONDIR)\Styles\Luna.vsf;&quot;Metropolis UI Black|VCLSTYLE|$(BDSCOMMONDIR)\Styles\MetropolisUIBlack.vsf&quot;;&quot;Metropolis UI Blue|VCLSTYLE|$(BDSCOMMONDIR)\Styles\MetropolisUIBlue.vsf&quot;;&quot;Metropolis UI Dark|VCLSTYLE|$(BDSCOMMONDIR)\Styles\MetropolisUIDark.vsf&quot;;&quot;Metropolis UI Green|VCLSTYLE|$(BDSCOMMONDIR)\Styles\MetropolisUIGreen.vsf&quot;;Obsidian|VCLSTYLE|$(BDSCOMMONDIR)\Styles\Obsidian.vsf;&quot;Onyx Blue|VCLSTYLE|$(BDSCOMMONDIR)\Styles\OnyxBlue.vsf&quot;;&quot;Ruby Graphite|VCLSTYLE|$(BDSCOMMONDIR)\Styles\RubyGraphite.vsf&quot;;&quot;Sapphire Kamri|VCLSTYLE|$(BDSCOMMONDIR)\Styles\SapphireKamri.vsf&quot;;Silver|VCLSTYLE|$(BDSCOMMONDIR)\Styles\Silver.vsf;Sky|VCLSTYLE|$(BDSCOMMONDIR)\Styles\Sky.vsf;&quot;Slate Classico|VCLSTYLE|$(BDSCOMMONDIR)\Styles\SlateClassico.vsf&quot;;&quot;Smokey Quartz Kamri|VCLSTYLE|$(BDSCOMMONDIR)\Styles\SmokeyQuartzKamri.vsf&quot;;&quot;Tablet Light|VCLSTYLE|$(BDSCOMMONDIR)\Styles\TabletLight.vsf&quot;;TabletDark|VCLSTYLE|$(BDSCOMMONDIR)\Styles\TabletDark.vsf;&quot;Turquoise Gray|VCLSTYLE|$(BDSCOMMONDIR)\Styles\TurquoiseGray.vsf&quot;;Windows10|VCLSTYLE|$(BDSCOMMONDIR)\Styles\Windows10.vsf;&quot;Windows10 Blue|VCLSTYLE|$(BDSCOMMONDIR)\Styles\Windows10Blue.vsf&quot;;&quot;Windows10 Dark|VCLSTYLE|$(BDSCOMMONDIR)\Styles\Windows10Dark.vsf&quot;;&quot;Windows10 Green|VCLSTYLE|$(BDSCOMMONDIR)\Styles\Windows10Green.vsf&quot;;&quot;Windows10 Purple|VCLSTYLE|$(BDSCOMMONDIR)\Styles\Windows10Purple.vsf&quot;;&quot;Windows10 SlateGray|VCLSTYLE|$(BDSCOMMONDIR)\Styles\Windows10SlateGray.vsf&quot;</Custom_Styles>
        <DCC_Define>UseStyledCompEditorsAtRunTime;$(DCC_Define)</DCC_Define>
        <VerInfo_IncludeVerInfo>true</VerInfo_IncludeVerInfo>
        <DCC_IntegerOverflowCheck>true</DCC_IntegerOverflowCheck>
        <DCC_RangeChecking>true</DCC_RangeChecking>
    </PropertyGroup>
    <PropertyGroup Condition="'$(Base_Win32)'!=''">
        <BT_BuildType>Debug</BT_BuildType>
        <Manifest_File>$(BDS)\bin\default_app.manifest</Manifest_File>
        <Icon_MainIcon>..\source\StyledButton.ico</Icon_MainIcon>
        <AppDPIAwarenessMode>PerMonitorV2</AppDPIAwarenessMode>
        <AppEnableRuntimeThemes>true</AppEnableRuntimeThemes>
    </PropertyGroup>
    <PropertyGroup Condition="'$(Base_Win64)'!=''">
        <BT_BuildType>Debug</BT_BuildType>
        <Manifest_File>$(BDS)\bin\default_app.manifest</Manifest_File>
        <Icon_MainIcon>..\source\StyledButton.ico</Icon_MainIcon>
        <AppDPIAwarenessMode>PerMonitorV2</AppDPIAwarenessMode>
        <AppEnableRuntimeThemes>true</AppEnableRuntimeThemes>
    </PropertyGroup>
    <PropertyGroup Condition="'$(Cfg_1)'!=''">
        <DCC_Define>DEBUG;$(DCC_Define)</DCC_Define>
        <DCC_DebugDCUs>true</DCC_DebugDCUs>
        <DCC_Optimize>false</DCC_Optimize>
        <DCC_GenerateStackFrames>true</DCC_GenerateStackFrames>
        <DCC_DebugInfoInExe>true</DCC_DebugInfoInExe>
    </PropertyGroup>
    <PropertyGroup Condition="'$(Cfg_2)'!=''">
        <DCC_LocalDebugSymbols>false</DCC_LocalDebugSymbols>
        <DCC_Define>RELEASE;$(DCC_Define)</DCC_Define>
        <DCC_SymbolReferenceInfo>0</DCC_SymbolReferenceInfo>
        <DCC_DebugInformation>0</DCC_DebugInformation>
    </PropertyGroup>
    <ItemGroup>
        <DelphiCompile Include="$(MainSource)">
            <MainSource>MainSource</MainSource>
        </DelphiCompile>
        <DCCReference Include="..\source\uSettings.pas"/>
        <DCCReference Include="..\source\MainDemoForm.pas">
            <Form>frmMain</Form>
        </DCCReference>
        <DCCReference Include="..\source\DResourcesOld.pas">
            <Form>dmResources</Form>
            <DesignClass>TDataModule</DesignClass>
        </DCCReference>
        <DCCReference Include="..\source\DemoWelcomeForm.pas">
            <Form>WelcomeForm</Form>
        </DCCReference>
        <DCCReference Include="..\source\FAboutForm.pas">
            <Form>fmAbout</Form>
        </DCCReference>
        <DCCReference Include="..\source\AutoClickFormOld.pas">
            <Form>fmAutoClick</Form>
        </DCCReference>
        <DCCReference Include="..\source\BitBtnForm.pas">
            <Form>fmBitBtn</Form>
        </DCCReference>
        <DCCReference Include="..\source\RoundedCornersFormOld.pas">
            <Form>fmRoundedCorners</Form>
        </DCCReference>
        <DCCReference Include="..\source\StyledButtonGroupFormOld.pas">
            <Form>fmStyledButtonGroup</Form>
        </DCCReference>
        <DCCReference Include="..\source\StyledButtonsFormOld.pas">
            <Form>fmStyledButtons</Form>
        </DCCReference>
        <DCCReference Include="..\source\StyledCategoryButtonsFormOld.pas">
            <Form>fmStyledCategoryButtons</Form>
        </DCCReference>
        <DCCReference Include="..\source\StyledDbNavigatorFormOld.pas">
            <Form>fmStyledDbNavigator</Form>
        </DCCReference>
        <DCCReference Include="..\source\StyledDialogDemoForm.pas">
            <Form>fmStyledTaskDialog</Form>
        </DCCReference>
        <DCCReference Include="..\source\StyledToolbarFormOld.pas">
            <Form>fmStyledToolbar</Form>
        </DCCReference>
        <BuildConfiguration Include="Release">
            <Key>Cfg_2</Key>
            <CfgParent>Base</CfgParent>
        </BuildConfiguration>
        <BuildConfiguration Include="Base">
            <Key>Base</Key>
        </BuildConfiguration>
        <BuildConfiguration Include="Debug">
            <Key>Cfg_1</Key>
            <CfgParent>Base</CfgParent>
        </BuildConfiguration>
    </ItemGroup>
    <ProjectExtensions>
        <Borland.Personality>Delphi.Personality.12</Borland.Personality>
        <Borland.ProjectType>Application</Borland.ProjectType>
        <BorlandProject>
            <Delphi.Personality>
                <Source>
                    <Source Name="MainSource">StyledComponentsDemo.dpr</Source>
                </Source>
                <Excluded_Packages/>
            </Delphi.Personality>
            <Platforms>
                <Platform value="Win32">True</Platform>
                <Platform value="Win64">True</Platform>
            </Platforms>
        </BorlandProject>
        <ProjectFileVersion>12</ProjectFileVersion>
    </ProjectExtensions>
    <Import Project="$(BDS)\Bin\CodeGear.Delphi.Targets" Condition="Exists('$(BDS)\Bin\CodeGear.Delphi.Targets')"/>
    <Import Project="$(APPDATA)\Embarcadero\$(BDSAPPDATABASEDIR)\$(PRODUCTVERSION)\UserTools.proj" Condition="Exists('$(APPDATA)\Embarcadero\$(BDSAPPDATABASEDIR)\$(PRODUCTVERSION)\UserTools.proj')"/>
</Project>
